{
    "_meta": {
        "hash": {
            "sha256": "42480ce066b3420d71ef573f7113295ab8a90d2b16b05b781421d95559e81a24"
        },
        "pipfile-spec": 6,
        "requires": {
            "python_version": "2.7"
        },
        "sources": [
            {
                "name": "pypi",
                "url": "https://pypi.org/simple",
                "verify_ssl": true
            }
        ]
    },
    "default": {
        "gradescope-utils": {
            "hashes": [
                "sha256:2154cc2a3a8e40e460db5953687ee6d9d6d63caf5e8c42a6f4d393ca54ab67d4",
                "sha256:bfcfac66659567470c045ff44910c709521d0a3fb29ca26c9527247e6ae13b0c"
            ],
            "index": "pypi",
            "version": "==0.2.7"
        },
        "subprocess32": {
            "hashes": [
                "sha256:24b66882f5f7aaedcd46b4669322e88d639d46c6ce4679ae7f397bbe4fe9a529",
                "sha256:eb2b989cf03ffc7166339eb34f1aa26c5ace255243337b1e22dab7caa1166687"
            ],
            "index": "pypi",
            "version": "==3.5.2"
        }
    },
    "develop": {}
}
