{
    "_meta": {
        "hash": {
            "sha256": "442796a2b4afa0491f2e50e75bb59e9dccd07f005d7b379852a25906b6f4ea12"
        },
        "pipfile-spec": 6,
        "requires": {
            "python_version": "3.6"
        },
        "sources": [
            {
                "name": "pypi",
                "url": "https://pypi.org/simple",
                "verify_ssl": true
            }
        ]
    },
    "default": {
        "gradescope-utils": {
            "hashes": [
                "sha256:0bff53197d58e878dfb09feb43f7406a8572df6f16c88529e2aa910bf6a30d80",
                "sha256:6f24914fdf5a49e84f2f25c3afe5f8677019285617d9c6936627cf77d082639c"
            ],
            "index": "pypi",
            "version": "==0.4.0"
        }
    },
    "develop": {}
}
